{
  "name": "guitab",
  "version": "1.0.0",
  "lockfileVersion": 2,
  "requires": true,
  "packages": {
    "": {
      "name": "guitab",
      "version": "1.0.0",
      "license": "MIT",
      "devDependencies": {
        "chordproject-editor": "^0.1.11",
        "chordproject-parser": "^0.2.14",
        "prettier": "^3.2.5"
      }
    },
    "node_modules/ace-builds": {
      "version": "1.33.0",
      "resolved": "https://registry.npmjs.org/ace-builds/-/ace-builds-1.33.0.tgz",
      "integrity": "sha512-PDvytkZNvAfuh+PaP5Oy3l3sBGd7xMk4NsB+4w/w1e3gjBqEOGeJwcX+wF/SB6mLtT3VfJLrhDNPT3eaCjtR3w==",
      "dev": true
    },
    "node_modules/chordproject-editor": {
      "version": "0.1.11",
      "resolved": "https://registry.npmjs.org/chordproject-editor/-/chordproject-editor-0.1.11.tgz",
      "integrity": "sha512-vekZ/XZNDAj4H7QoPNAfpHM14rSLnhIzBhmyqInfgYVJTDUp+QQgwuPfvfGkz05x4ZlEQP15+d8U18bbIzJbcw==",
      "dev": true,
      "dependencies": {
        "ace-builds": "^1.4.12"
      },
      "engines": {
        "node": ">=4.2.4"
      }
    },
    "node_modules/chordproject-parser": {
      "version": "0.2.14",
      "resolved": "https://registry.npmjs.org/chordproject-parser/-/chordproject-parser-0.2.14.tgz",
      "integrity": "sha512-w9RHKbZoN23HxDj6M2Qcj9P2UpQKXjRVShVZZlx1DMntmd+GjBJa3p1SdDEHp8zYhT/DDxg8nO7xNfMNdnae/Q==",
      "dev": true,
      "engines": {
        "node": ">=4.2.4"
      }
    },
    "node_modules/prettier": {
      "version": "3.2.5",
      "resolved": "https://registry.npmjs.org/prettier/-/prettier-3.2.5.tgz",
      "integrity": "sha512-3/GWa9aOC0YeD7LUfvOG2NiDyhOWRvt1k+rcKhOuYnMY24iiCphgneUfJDyFXd6rZCAnuLBv6UeAULtrhT/F4A==",
      "dev": true,
      "bin": {
        "prettier": "bin/prettier.cjs"
      },
      "engines": {
        "node": ">=14"
      },
      "funding": {
        "url": "https://github.com/prettier/prettier?sponsor=1"
      }
    }
  },
  "dependencies": {
    "ace-builds": {
      "version": "1.33.0",
      "resolved": "https://registry.npmjs.org/ace-builds/-/ace-builds-1.33.0.tgz",
      "integrity": "sha512-PDvytkZNvAfuh+PaP5Oy3l3sBGd7xMk4NsB+4w/w1e3gjBqEOGeJwcX+wF/SB6mLtT3VfJLrhDNPT3eaCjtR3w==",
      "dev": true
    },
    "chordproject-editor": {
      "version": "0.1.11",
      "resolved": "https://registry.npmjs.org/chordproject-editor/-/chordproject-editor-0.1.11.tgz",
      "integrity": "sha512-vekZ/XZNDAj4H7QoPNAfpHM14rSLnhIzBhmyqInfgYVJTDUp+QQgwuPfvfGkz05x4ZlEQP15+d8U18bbIzJbcw==",
      "dev": true,
      "requires": {
        "ace-builds": "^1.4.12"
      }
    },
    "chordproject-parser": {
      "version": "0.2.14",
      "resolved": "https://registry.npmjs.org/chordproject-parser/-/chordproject-parser-0.2.14.tgz",
      "integrity": "sha512-w9RHKbZoN23HxDj6M2Qcj9P2UpQKXjRVShVZZlx1DMntmd+GjBJa3p1SdDEHp8zYhT/DDxg8nO7xNfMNdnae/Q==",
      "dev": true
    },
    "prettier": {
      "version": "3.2.5",
      "resolved": "https://registry.npmjs.org/prettier/-/prettier-3.2.5.tgz",
      "integrity": "sha512-3/GWa9aOC0YeD7LUfvOG2NiDyhOWRvt1k+rcKhOuYnMY24iiCphgneUfJDyFXd6rZCAnuLBv6UeAULtrhT/F4A==",
      "dev": true
    }
  }
}
